// !$*UTF8*$!
{
	archiveVersion = 1;
	classes = {
	};
	objectVersion = 51;
	objects = {

/* Begin PBXBuildFile section */
		774D1EC4363430917D6F15D6 /* Pods_WHPH.framework in Frameworks */ = {isa = PBXBuildFile; fileRef = E4F83F053F5D7F033C649E82 /* Pods_WHPH.framework */; };
		CE7CE58B24328E2C009979F7 /* AlarmHost.swift in Sources */ = {isa = PBXBuildFile; fileRef = CE7CE58A24328E2C009979F7 /* AlarmHost.swift */; };
		CE7CE58D24329453009979F7 /* MainHostAddAlarmButton.swift in Sources */ = {isa = PBXBuildFile; fileRef = CE7CE58C24329453009979F7 /* MainHostAddAlarmButton.swift */; };
		CE7CE58F243294DD009979F7 /* AlarmHostSaveButton.swift in Sources */ = {isa = PBXBuildFile; fileRef = CE7CE58E243294DD009979F7 /* AlarmHostSaveButton.swift */; };
		CE7CE5912432A0E9009979F7 /* AlarmManager.swift in Sources */ = {isa = PBXBuildFile; fileRef = CE7CE5902432A0E9009979F7 /* AlarmManager.swift */; };
		CE7CE5932432A5ED009979F7 /* Time.swift in Sources */ = {isa = PBXBuildFile; fileRef = CE7CE5922432A5ED009979F7 /* Time.swift */; };
		CE7CE59B2432CFCC009979F7 /* AlarmDatePicker.swift in Sources */ = {isa = PBXBuildFile; fileRef = CE7CE59A2432CFCC009979F7 /* AlarmDatePicker.swift */; };
		CE971419243026AA00F2CD3B /* AppDelegate.swift in Sources */ = {isa = PBXBuildFile; fileRef = CE971418243026AA00F2CD3B /* AppDelegate.swift */; };
		CE97141B243026AA00F2CD3B /* SceneDelegate.swift in Sources */ = {isa = PBXBuildFile; fileRef = CE97141A243026AA00F2CD3B /* SceneDelegate.swift */; };
		CE97141E243026AA00F2CD3B /* WHPH.xcdatamodeld in Sources */ = {isa = PBXBuildFile; fileRef = CE97141C243026AA00F2CD3B /* WHPH.xcdatamodeld */; };
		CE971422243026AB00F2CD3B /* Assets.xcassets in Resources */ = {isa = PBXBuildFile; fileRef = CE971421243026AB00F2CD3B /* Assets.xcassets */; };
		CE971425243026AB00F2CD3B /* Preview Assets.xcassets in Resources */ = {isa = PBXBuildFile; fileRef = CE971424243026AB00F2CD3B /* Preview Assets.xcassets */; };
		CE971428243026AB00F2CD3B /* LaunchScreen.storyboard in Resources */ = {isa = PBXBuildFile; fileRef = CE971426243026AB00F2CD3B /* LaunchScreen.storyboard */; };
		CE971434243026F700F2CD3B /* Alarm.swift in Sources */ = {isa = PBXBuildFile; fileRef = CE971433243026F700F2CD3B /* Alarm.swift */; };
		CE9714362430270100F2CD3B /* MainHost.swift in Sources */ = {isa = PBXBuildFile; fileRef = CE9714352430270100F2CD3B /* MainHost.swift */; };
		CE9714382430463E00F2CD3B /* AlarmRow.swift in Sources */ = {isa = PBXBuildFile; fileRef = CE9714372430463E00F2CD3B /* AlarmRow.swift */; };
		CE97143A2430464F00F2CD3B /* BackgroundView.swift in Sources */ = {isa = PBXBuildFile; fileRef = CE9714392430464F00F2CD3B /* BackgroundView.swift */; };
		CE97143C24306A9E00F2CD3B /* AlarmRowText.swift in Sources */ = {isa = PBXBuildFile; fileRef = CE97143B24306A9E00F2CD3B /* AlarmRowText.swift */; };
		CE97143E2431BB2900F2CD3B /* ModelExample.swift in Sources */ = {isa = PBXBuildFile; fileRef = CE97143D2431BB2900F2CD3B /* ModelExample.swift */; };
/* End PBXBuildFile section */

/* Begin PBXFileReference section */
		4160D1CD9306267BBEF93357 /* Pods-WHPH.release.xcconfig */ = {isa = PBXFileReference; includeInIndex = 1; lastKnownFileType = text.xcconfig; name = "Pods-WHPH.release.xcconfig"; path = "Target Support Files/Pods-WHPH/Pods-WHPH.release.xcconfig"; sourceTree = "<group>"; };
		CE7CE58A24328E2C009979F7 /* AlarmHost.swift */ = {isa = PBXFileReference; lastKnownFileType = sourcecode.swift; path = AlarmHost.swift; sourceTree = "<group>"; };
		CE7CE58C24329453009979F7 /* MainHostAddAlarmButton.swift */ = {isa = PBXFileReference; lastKnownFileType = sourcecode.swift; path = MainHostAddAlarmButton.swift; sourceTree = "<group>"; };
		CE7CE58E243294DD009979F7 /* AlarmHostSaveButton.swift */ = {isa = PBXFileReference; lastKnownFileType = sourcecode.swift; path = AlarmHostSaveButton.swift; sourceTree = "<group>"; };
		CE7CE5902432A0E9009979F7 /* AlarmManager.swift */ = {isa = PBXFileReference; lastKnownFileType = sourcecode.swift; path = AlarmManager.swift; sourceTree = "<group>"; };
		CE7CE5922432A5ED009979F7 /* Time.swift */ = {isa = PBXFileReference; lastKnownFileType = sourcecode.swift; path = Time.swift; sourceTree = "<group>"; };
		CE7CE59A2432CFCC009979F7 /* AlarmDatePicker.swift */ = {isa = PBXFileReference; lastKnownFileType = sourcecode.swift; path = AlarmDatePicker.swift; sourceTree = "<group>"; };
		CE971415243026AA00F2CD3B /* WHPH.app */ = {isa = PBXFileReference; explicitFileType = wrapper.application; includeInIndex = 0; path = WHPH.app; sourceTree = BUILT_PRODUCTS_DIR; };
		CE971418243026AA00F2CD3B /* AppDelegate.swift */ = {isa = PBXFileReference; lastKnownFileType = sourcecode.swift; path = AppDelegate.swift; sourceTree = "<group>"; };
		CE97141A243026AA00F2CD3B /* SceneDelegate.swift */ = {isa = PBXFileReference; lastKnownFileType = sourcecode.swift; path = SceneDelegate.swift; sourceTree = "<group>"; };
		CE97141D243026AA00F2CD3B /* WHPH.xcdatamodel */ = {isa = PBXFileReference; lastKnownFileType = wrapper.xcdatamodel; path = WHPH.xcdatamodel; sourceTree = "<group>"; };
		CE971421243026AB00F2CD3B /* Assets.xcassets */ = {isa = PBXFileReference; lastKnownFileType = folder.assetcatalog; path = Assets.xcassets; sourceTree = "<group>"; };
		CE971424243026AB00F2CD3B /* Preview Assets.xcassets */ = {isa = PBXFileReference; lastKnownFileType = folder.assetcatalog; path = "Preview Assets.xcassets"; sourceTree = "<group>"; };
		CE971427243026AB00F2CD3B /* Base */ = {isa = PBXFileReference; lastKnownFileType = file.storyboard; name = Base; path = Base.lproj/LaunchScreen.storyboard; sourceTree = "<group>"; };
		CE971429243026AB00F2CD3B /* Info.plist */ = {isa = PBXFileReference; lastKnownFileType = text.plist.xml; path = Info.plist; sourceTree = "<group>"; };
		CE971433243026F700F2CD3B /* Alarm.swift */ = {isa = PBXFileReference; fileEncoding = 4; lastKnownFileType = sourcecode.swift; path = Alarm.swift; sourceTree = "<group>"; };
		CE9714352430270100F2CD3B /* MainHost.swift */ = {isa = PBXFileReference; fileEncoding = 4; lastKnownFileType = sourcecode.swift; path = MainHost.swift; sourceTree = "<group>"; };
		CE9714372430463E00F2CD3B /* AlarmRow.swift */ = {isa = PBXFileReference; lastKnownFileType = sourcecode.swift; path = AlarmRow.swift; sourceTree = "<group>"; };
		CE9714392430464F00F2CD3B /* BackgroundView.swift */ = {isa = PBXFileReference; lastKnownFileType = sourcecode.swift; path = BackgroundView.swift; sourceTree = "<group>"; };
		CE97143B24306A9E00F2CD3B /* AlarmRowText.swift */ = {isa = PBXFileReference; lastKnownFileType = sourcecode.swift; path = AlarmRowText.swift; sourceTree = "<group>"; };
		CE97143D2431BB2900F2CD3B /* ModelExample.swift */ = {isa = PBXFileReference; lastKnownFileType = sourcecode.swift; path = ModelExample.swift; sourceTree = "<group>"; };
		E4F83F053F5D7F033C649E82 /* Pods_WHPH.framework */ = {isa = PBXFileReference; explicitFileType = wrapper.framework; includeInIndex = 0; path = Pods_WHPH.framework; sourceTree = BUILT_PRODUCTS_DIR; };
		E59E2E1EB27F1341412A1310 /* Pods-WHPH.debug.xcconfig */ = {isa = PBXFileReference; includeInIndex = 1; lastKnownFileType = text.xcconfig; name = "Pods-WHPH.debug.xcconfig"; path = "Target Support Files/Pods-WHPH/Pods-WHPH.debug.xcconfig"; sourceTree = "<group>"; };
/* End PBXFileReference section */

/* Begin PBXFrameworksBuildPhase section */
		CE971412243026AA00F2CD3B /* Frameworks */ = {
			isa = PBXFrameworksBuildPhase;
			buildActionMask = 2147483647;
			files = (
				774D1EC4363430917D6F15D6 /* Pods_WHPH.framework in Frameworks */,
			);
			runOnlyForDeploymentPostprocessing = 0;
		};
/* End PBXFrameworksBuildPhase section */

/* Begin PBXGroup section */
		5B02C37072177BA9B6FF4CB9 /* Frameworks */ = {
			isa = PBXGroup;
			children = (
				E4F83F053F5D7F033C649E82 /* Pods_WHPH.framework */,
			);
			name = Frameworks;
			sourceTree = "<group>";
		};
		8A6F9635CFB83DABFD0375AD /* Pods */ = {
			isa = PBXGroup;
			children = (
				E59E2E1EB27F1341412A1310 /* Pods-WHPH.debug.xcconfig */,
				4160D1CD9306267BBEF93357 /* Pods-WHPH.release.xcconfig */,
			);
			path = Pods;
			sourceTree = "<group>";
		};
		CE97140C243026AA00F2CD3B = {
			isa = PBXGroup;
			children = (
				CE971417243026AA00F2CD3B /* WHPH */,
				CE971416243026AA00F2CD3B /* Products */,
				8A6F9635CFB83DABFD0375AD /* Pods */,
				5B02C37072177BA9B6FF4CB9 /* Frameworks */,
			);
			sourceTree = "<group>";
		};
		CE971416243026AA00F2CD3B /* Products */ = {
			isa = PBXGroup;
			children = (
				CE971415243026AA00F2CD3B /* WHPH.app */,
			);
			name = Products;
			sourceTree = "<group>";
		};
		CE971417243026AA00F2CD3B /* WHPH */ = {
			isa = PBXGroup;
			children = (
				CE971432243026E100F2CD3B /* Model */,
				CE971431243026DC00F2CD3B /* View */,
				CE971430243026D500F2CD3B /* Host */,
				CE97142F243026CB00F2CD3B /* Support */,
				CE971421243026AB00F2CD3B /* Assets.xcassets */,
				CE971429243026AB00F2CD3B /* Info.plist */,
				CE97141C243026AA00F2CD3B /* WHPH.xcdatamodeld */,
				CE97143D2431BB2900F2CD3B /* ModelExample.swift */,
				CE971423243026AB00F2CD3B /* Preview Content */,
			);
			path = WHPH;
			sourceTree = "<group>";
		};
		CE971423243026AB00F2CD3B /* Preview Content */ = {
			isa = PBXGroup;
			children = (
				CE971424243026AB00F2CD3B /* Preview Assets.xcassets */,
			);
			path = "Preview Content";
			sourceTree = "<group>";
		};
		CE97142F243026CB00F2CD3B /* Support */ = {
			isa = PBXGroup;
			children = (
				CE971418243026AA00F2CD3B /* AppDelegate.swift */,
				CE97141A243026AA00F2CD3B /* SceneDelegate.swift */,
				CE971426243026AB00F2CD3B /* LaunchScreen.storyboard */,
			);
			path = Support;
			sourceTree = "<group>";
		};
		CE971430243026D500F2CD3B /* Host */ = {
			isa = PBXGroup;
			children = (
				CE9714352430270100F2CD3B /* MainHost.swift */,
				CE7CE58A24328E2C009979F7 /* AlarmHost.swift */,
			);
			path = Host;
			sourceTree = "<group>";
		};
		CE971431243026DC00F2CD3B /* View */ = {
			isa = PBXGroup;
			children = (
				CE7CE58C24329453009979F7 /* MainHostAddAlarmButton.swift */,
				CE7CE58E243294DD009979F7 /* AlarmHostSaveButton.swift */,
				CE9714372430463E00F2CD3B /* AlarmRow.swift */,
				CE97143B24306A9E00F2CD3B /* AlarmRowText.swift */,
				CE9714392430464F00F2CD3B /* BackgroundView.swift */,
				CE7CE59A2432CFCC009979F7 /* AlarmDatePicker.swift */,
			);
			path = View;
			sourceTree = "<group>";
		};
		CE971432243026E100F2CD3B /* Model */ = {
			isa = PBXGroup;
			children = (
				CE971433243026F700F2CD3B /* Alarm.swift */,
				CE7CE5902432A0E9009979F7 /* AlarmManager.swift */,
				CE7CE5922432A5ED009979F7 /* Time.swift */,
			);
			path = Model;
			sourceTree = "<group>";
		};
/* End PBXGroup section */

/* Begin PBXNativeTarget section */
		CE971414243026AA00F2CD3B /* WHPH */ = {
			isa = PBXNativeTarget;
			buildConfigurationList = CE97142C243026AB00F2CD3B /* Build configuration list for PBXNativeTarget "WHPH" */;
			buildPhases = (
				A738425964505B443F39B3FD /* [CP] Check Pods Manifest.lock */,
				CE971411243026AA00F2CD3B /* Sources */,
				CE971412243026AA00F2CD3B /* Frameworks */,
				CE971413243026AA00F2CD3B /* Resources */,
				B1DAFD4535D7F1F97DDB7299 /* [CP] Embed Pods Frameworks */,
			);
			buildRules = (
			);
			dependencies = (
			);
			name = WHPH;
			productName = WHPH;
			productReference = CE971415243026AA00F2CD3B /* WHPH.app */;
			productType = "com.apple.product-type.application";
		};
/* End PBXNativeTarget section */

/* Begin PBXProject section */
		CE97140D243026AA00F2CD3B /* Project object */ = {
			isa = PBXProject;
			attributes = {
				LastSwiftUpdateCheck = 1140;
				LastUpgradeCheck = 1140;
				ORGANIZATIONNAME = "Devin Green";
				TargetAttributes = {
					CE971414243026AA00F2CD3B = {
						CreatedOnToolsVersion = 11.4;
					};
				};
			};
			buildConfigurationList = CE971410243026AA00F2CD3B /* Build configuration list for PBXProject "WHPH" */;
			compatibilityVersion = "Xcode 9.3";
			developmentRegion = en;
			hasScannedForEncodings = 0;
			knownRegions = (
				en,
				Base,
			);
			mainGroup = CE97140C243026AA00F2CD3B;
			productRefGroup = CE971416243026AA00F2CD3B /* Products */;
			projectDirPath = "";
			projectRoot = "";
			targets = (
				CE971414243026AA00F2CD3B /* WHPH */,
			);
		};
/* End PBXProject section */

/* Begin PBXResourcesBuildPhase section */
		CE971413243026AA00F2CD3B /* Resources */ = {
			isa = PBXResourcesBuildPhase;
			buildActionMask = 2147483647;
			files = (
				CE971428243026AB00F2CD3B /* LaunchScreen.storyboard in Resources */,
				CE971425243026AB00F2CD3B /* Preview Assets.xcassets in Resources */,
				CE971422243026AB00F2CD3B /* Assets.xcassets in Resources */,
			);
			runOnlyForDeploymentPostprocessing = 0;
		};
/* End PBXResourcesBuildPhase section */

/* Begin PBXShellScriptBuildPhase section */
		A738425964505B443F39B3FD /* [CP] Check Pods Manifest.lock */ = {
			isa = PBXShellScriptBuildPhase;
			buildActionMask = 2147483647;
			files = (
			);
			inputFileListPaths = (
			);
			inputPaths = (
				"${PODS_PODFILE_DIR_PATH}/Podfile.lock",
				"${PODS_ROOT}/Manifest.lock",
			);
			name = "[CP] Check Pods Manifest.lock";
			outputFileListPaths = (
			);
			outputPaths = (
				"$(DERIVED_FILE_DIR)/Pods-WHPH-checkManifestLockResult.txt",
			);
			runOnlyForDeploymentPostprocessing = 0;
			shellPath = /bin/sh;
			shellScript = "diff \"${PODS_PODFILE_DIR_PATH}/Podfile.lock\" \"${PODS_ROOT}/Manifest.lock\" > /dev/null\nif [ $? != 0 ] ; then\n    # print error to STDERR\n    echo \"error: The sandbox is not in sync with the Podfile.lock. Run 'pod install' or update your CocoaPods installation.\" >&2\n    exit 1\nfi\n# This output is used by Xcode 'outputs' to avoid re-running this script phase.\necho \"SUCCESS\" > \"${SCRIPT_OUTPUT_FILE_0}\"\n";
			showEnvVarsInLog = 0;
		};
		B1DAFD4535D7F1F97DDB7299 /* [CP] Embed Pods Frameworks */ = {
			isa = PBXShellScriptBuildPhase;
			buildActionMask = 2147483647;
			files = (
			);
			inputFileListPaths = (
				"${PODS_ROOT}/Target Support Files/Pods-WHPH/Pods-WHPH-frameworks-${CONFIGURATION}-input-files.xcfilelist",
			);
			name = "[CP] Embed Pods Frameworks";
			outputFileListPaths = (
				"${PODS_ROOT}/Target Support Files/Pods-WHPH/Pods-WHPH-frameworks-${CONFIGURATION}-output-files.xcfilelist",
			);
			runOnlyForDeploymentPostprocessing = 0;
			shellPath = /bin/sh;
			shellScript = "\"${PODS_ROOT}/Target Support Files/Pods-WHPH/Pods-WHPH-frameworks.sh\"\n";
			showEnvVarsInLog = 0;
		};
/* End PBXShellScriptBuildPhase section */

/* Begin PBXSourcesBuildPhase section */
		CE971411243026AA00F2CD3B /* Sources */ = {
			isa = PBXSourcesBuildPhase;
			buildActionMask = 2147483647;
			files = (
				CE9714382430463E00F2CD3B /* AlarmRow.swift in Sources */,
				CE7CE58B24328E2C009979F7 /* AlarmHost.swift in Sources */,
				CE7CE5932432A5ED009979F7 /* Time.swift in Sources */,
				CE97143E2431BB2900F2CD3B /* ModelExample.swift in Sources */,
				CE7CE5912432A0E9009979F7 /* AlarmManager.swift in Sources */,
				CE97141E243026AA00F2CD3B /* WHPH.xcdatamodeld in Sources */,
				CE971419243026AA00F2CD3B /* AppDelegate.swift in Sources */,
				CE97143A2430464F00F2CD3B /* BackgroundView.swift in Sources */,
				CE9714362430270100F2CD3B /* MainHost.swift in Sources */,
				CE7CE59B2432CFCC009979F7 /* AlarmDatePicker.swift in Sources */,
				CE971434243026F700F2CD3B /* Alarm.swift in Sources */,
				CE97141B243026AA00F2CD3B /* SceneDelegate.swift in Sources */,
				CE97143C24306A9E00F2CD3B /* AlarmRowText.swift in Sources */,
				CE7CE58F243294DD009979F7 /* AlarmHostSaveButton.swift in Sources */,
				CE7CE58D24329453009979F7 /* MainHostAddAlarmButton.swift in Sources */,
			);
			runOnlyForDeploymentPostprocessing = 0;
		};
/* End PBXSourcesBuildPhase section */

/* Begin PBXVariantGroup section */
		CE971426243026AB00F2CD3B /* LaunchScreen.storyboard */ = {
			isa = PBXVariantGroup;
			children = (
				CE971427243026AB00F2CD3B /* Base */,
			);
			name = LaunchScreen.storyboard;
			sourceTree = "<group>";
		};
/* End PBXVariantGroup section */

/* Begin XCBuildConfiguration section */
		CE97142A243026AB00F2CD3B /* Debug */ = {
			isa = XCBuildConfiguration;
			buildSettings = {
				ALWAYS_SEARCH_USER_PATHS = NO;
				CLANG_ANALYZER_NONNULL = YES;
				CLANG_ANALYZER_NUMBER_OBJECT_CONVERSION = YES_AGGRESSIVE;
				CLANG_CXX_LANGUAGE_STANDARD = "gnu++14";
				CLANG_CXX_LIBRARY = "libc++";
				CLANG_ENABLE_MODULES = YES;
				CLANG_ENABLE_OBJC_ARC = YES;
				CLANG_ENABLE_OBJC_WEAK = YES;
				CLANG_WARN_BLOCK_CAPTURE_AUTORELEASING = YES;
				CLANG_WARN_BOOL_CONVERSION = YES;
				CLANG_WARN_COMMA = YES;
				CLANG_WARN_CONSTANT_CONVERSION = YES;
				CLANG_WARN_DEPRECATED_OBJC_IMPLEMENTATIONS = YES;
				CLANG_WARN_DIRECT_OBJC_ISA_USAGE = YES_ERROR;
				CLANG_WARN_DOCUMENTATION_COMMENTS = YES;
				CLANG_WARN_EMPTY_BODY = YES;
				CLANG_WARN_ENUM_CONVERSION = YES;
				CLANG_WARN_INFINITE_RECURSION = YES;
				CLANG_WARN_INT_CONVERSION = YES;
				CLANG_WARN_NON_LITERAL_NULL_CONVERSION = YES;
				CLANG_WARN_OBJC_IMPLICIT_RETAIN_SELF = YES;
				CLANG_WARN_OBJC_LITERAL_CONVERSION = YES;
				CLANG_WARN_OBJC_ROOT_CLASS = YES_ERROR;
				CLANG_WARN_RANGE_LOOP_ANALYSIS = YES;
				CLANG_WARN_STRICT_PROTOTYPES = YES;
				CLANG_WARN_SUSPICIOUS_MOVE = YES;
				CLANG_WARN_UNGUARDED_AVAILABILITY = YES_AGGRESSIVE;
				CLANG_WARN_UNREACHABLE_CODE = YES;
				CLANG_WARN__DUPLICATE_METHOD_MATCH = YES;
				COPY_PHASE_STRIP = NO;
				DEBUG_INFORMATION_FORMAT = dwarf;
				ENABLE_STRICT_OBJC_MSGSEND = YES;
				ENABLE_TESTABILITY = YES;
				GCC_C_LANGUAGE_STANDARD = gnu11;
				GCC_DYNAMIC_NO_PIC = NO;
				GCC_NO_COMMON_BLOCKS = YES;
				GCC_OPTIMIZATION_LEVEL = 0;
				GCC_PREPROCESSOR_DEFINITIONS = (
					"DEBUG=1",
					"$(inherited)",
				);
				GCC_WARN_64_TO_32_BIT_CONVERSION = YES;
				GCC_WARN_ABOUT_RETURN_TYPE = YES_ERROR;
				GCC_WARN_UNDECLARED_SELECTOR = YES;
				GCC_WARN_UNINITIALIZED_AUTOS = YES_AGGRESSIVE;
				GCC_WARN_UNUSED_FUNCTION = YES;
				GCC_WARN_UNUSED_VARIABLE = YES;
				IPHONEOS_DEPLOYMENT_TARGET = 13.4;
				MTL_ENABLE_DEBUG_INFO = INCLUDE_SOURCE;
				MTL_FAST_MATH = YES;
				ONLY_ACTIVE_ARCH = YES;
				SDKROOT = iphoneos;
				SWIFT_ACTIVE_COMPILATION_CONDITIONS = DEBUG;
				SWIFT_OPTIMIZATION_LEVEL = "-Onone";
			};
			name = Debug;
		};
		CE97142B243026AB00F2CD3B /* Release */ = {
			isa = XCBuildConfiguration;
			buildSettings = {
				ALWAYS_SEARCH_USER_PATHS = NO;
				CLANG_ANALYZER_NONNULL = YES;
				CLANG_ANALYZER_NUMBER_OBJECT_CONVERSION = YES_AGGRESSIVE;
				CLANG_CXX_LANGUAGE_STANDARD = "gnu++14";
				CLANG_CXX_LIBRARY = "libc++";
				CLANG_ENABLE_MODULES = YES;
				CLANG_ENABLE_OBJC_ARC = YES;
				CLANG_ENABLE_OBJC_WEAK = YES;
				CLANG_WARN_BLOCK_CAPTURE_AUTORELEASING = YES;
				CLANG_WARN_BOOL_CONVERSION = YES;
				CLANG_WARN_COMMA = YES;
				CLANG_WARN_CONSTANT_CONVERSION = YES;
				CLANG_WARN_DEPRECATED_OBJC_IMPLEMENTATIONS = YES;
				CLANG_WARN_DIRECT_OBJC_ISA_USAGE = YES_ERROR;
				CLANG_WARN_DOCUMENTATION_COMMENTS = YES;
				CLANG_WARN_EMPTY_BODY = YES;
				CLANG_WARN_ENUM_CONVERSION = YES;
				CLANG_WARN_INFINITE_RECURSION = YES;
				CLANG_WARN_INT_CONVERSION = YES;
				CLANG_WARN_NON_LITERAL_NULL_CONVERSION = YES;
				CLANG_WARN_OBJC_IMPLICIT_RETAIN_SELF = YES;
				CLANG_WARN_OBJC_LITERAL_CONVERSION = YES;
				CLANG_WARN_OBJC_ROOT_CLASS = YES_ERROR;
				CLANG_WARN_RANGE_LOOP_ANALYSIS = YES;
				CLANG_WARN_STRICT_PROTOTYPES = YES;
				CLANG_WARN_SUSPICIOUS_MOVE = YES;
				CLANG_WARN_UNGUARDED_AVAILABILITY = YES_AGGRESSIVE;
				CLANG_WARN_UNREACHABLE_CODE = YES;
				CLANG_WARN__DUPLICATE_METHOD_MATCH = YES;
				COPY_PHASE_STRIP = NO;
				DEBUG_INFORMATION_FORMAT = "dwarf-with-dsym";
				ENABLE_NS_ASSERTIONS = NO;
				ENABLE_STRICT_OBJC_MSGSEND = YES;
				GCC_C_LANGUAGE_STANDARD = gnu11;
				GCC_NO_COMMON_BLOCKS = YES;
				GCC_WARN_64_TO_32_BIT_CONVERSION = YES;
				GCC_WARN_ABOUT_RETURN_TYPE = YES_ERROR;
				GCC_WARN_UNDECLARED_SELECTOR = YES;
				GCC_WARN_UNINITIALIZED_AUTOS = YES_AGGRESSIVE;
				GCC_WARN_UNUSED_FUNCTION = YES;
				GCC_WARN_UNUSED_VARIABLE = YES;
				IPHONEOS_DEPLOYMENT_TARGET = 13.4;
				MTL_ENABLE_DEBUG_INFO = NO;
				MTL_FAST_MATH = YES;
				SDKROOT = iphoneos;
				SWIFT_COMPILATION_MODE = wholemodule;
				SWIFT_OPTIMIZATION_LEVEL = "-O";
				VALIDATE_PRODUCT = YES;
			};
			name = Release;
		};
		CE97142D243026AB00F2CD3B /* Debug */ = {
			isa = XCBuildConfiguration;
			baseConfigurationReference = E59E2E1EB27F1341412A1310 /* Pods-WHPH.debug.xcconfig */;
			buildSettings = {
				ASSETCATALOG_COMPILER_APPICON_NAME = AppIcon;
				CODE_SIGN_STYLE = Automatic;
				DEVELOPMENT_ASSET_PATHS = "\"WHPH/Preview Content\"";
				DEVELOPMENT_TEAM = M4ZHY9Q9WR;
				ENABLE_PREVIEWS = YES;
				INFOPLIST_FILE = WHPH/Info.plist;
				LD_RUNPATH_SEARCH_PATHS = (
					"$(inherited)",
					"@executable_path/Frameworks",
				);
				PRODUCT_BUNDLE_IDENTIFIER = com.devingreen.WHPH;
				PRODUCT_NAME = "$(TARGET_NAME)";
				SWIFT_VERSION = 5.0;
				TARGETED_DEVICE_FAMILY = "1,2";
			};
			name = Debug;
		};
		CE97142E243026AB00F2CD3B /* Release */ = {
			isa = XCBuildConfiguration;
			baseConfigurationReference = 4160D1CD9306267BBEF93357 /* Pods-WHPH.release.xcconfig */;
			buildSettings = {
				ASSETCATALOG_COMPILER_APPICON_NAME = AppIcon;
				CODE_SIGN_STYLE = Automatic;
				DEVELOPMENT_ASSET_PATHS = "\"WHPH/Preview Content\"";
				DEVELOPMENT_TEAM = M4ZHY9Q9WR;
				ENABLE_PREVIEWS = YES;
				INFOPLIST_FILE = WHPH/Info.plist;
				LD_RUNPATH_SEARCH_PATHS = (
					"$(inherited)",
					"@executable_path/Frameworks",
				);
				PRODUCT_BUNDLE_IDENTIFIER = com.devingreen.WHPH;
				PRODUCT_NAME = "$(TARGET_NAME)";
				SWIFT_VERSION = 5.0;
				TARGETED_DEVICE_FAMILY = "1,2";
			};
			name = Release;
		};
/* End XCBuildConfiguration section */

/* Begin XCConfigurationList section */
		CE971410243026AA00F2CD3B /* Build configuration list for PBXProject "WHPH" */ = {
			isa = XCConfigurationList;
			buildConfigurations = (
				CE97142A243026AB00F2CD3B /* Debug */,
				CE97142B243026AB00F2CD3B /* Release */,
			);
			defaultConfigurationIsVisible = 0;
			defaultConfigurationName = Release;
		};
		CE97142C243026AB00F2CD3B /* Build configuration list for PBXNativeTarget "WHPH" */ = {
			isa = XCConfigurationList;
			buildConfigurations = (
				CE97142D243026AB00F2CD3B /* Debug */,
				CE97142E243026AB00F2CD3B /* Release */,
			);
			defaultConfigurationIsVisible = 0;
			defaultConfigurationName = Release;
		};
/* End XCConfigurationList section */

/* Begin XCVersionGroup section */
		CE97141C243026AA00F2CD3B /* WHPH.xcdatamodeld */ = {
			isa = XCVersionGroup;
			children = (
				CE97141D243026AA00F2CD3B /* WHPH.xcdatamodel */,
			);
			currentVersion = CE97141D243026AA00F2CD3B /* WHPH.xcdatamodel */;
			path = WHPH.xcdatamodeld;
			sourceTree = "<group>";
			versionGroupType = wrapper.xcdatamodel;
		};
/* End XCVersionGroup section */
	};
	rootObject = CE97140D243026AA00F2CD3B /* Project object */;
}
